
Microsoft Visual Studio Solution File, Format Version 12.00
# Visual Studio Version 16
VisualStudioVersion = 16.0.29709.97
MinimumVisualStudioVersion = 10.0.40219.1
Project("{FAE04EC0-301F-11D3-BF4B-00C04F79EFBC}") = "uploader", "uploader\uploader.csproj", "{1F58CBD3-7AAD-4583-882D-C0A16D61D08F}"
EndProject
Global
	GlobalSection(SolutionConfigurationPlatforms) = preSolution
		Debug|Any CPU = Debug|Any CPU
		Debug|x64 = Debug|x64
		Release|Any CPU = Release|Any CPU
		Release|x64 = Release|x64
	EndGlobalSection
	GlobalSection(ProjectConfigurationPlatforms) = postSolution
		{1F58CBD3-7AAD-4583-882D-C0A16D61D08F}.Debug|Any CPU.ActiveCfg = Debug|Any CPU
		{1F58CBD3-7AAD-4583-882D-C0A16D61D08F}.Debug|Any CPU.Build.0 = Debug|Any CPU
		{1F58CBD3-7AAD-4583-882D-C0A16D61D08F}.Debug|x64.ActiveCfg = Debug|x64
		{1F58CBD3-7AAD-4583-882D-C0A16D61D08F}.Debug|x64.Build.0 = Debug|x64
		{1F58CBD3-7AAD-4583-882D-C0A16D61D08F}.Release|Any CPU.ActiveCfg = Release|Any CPU
		{1F58CBD3-7AAD-4583-882D-C0A16D61D08F}.Release|Any CPU.Build.0 = Release|Any CPU
		{1F58CBD3-7AAD-4583-882D-C0A16D61D08F}.Release|x64.ActiveCfg = Release|x64
		{1F58CBD3-7AAD-4583-882D-C0A16D61D08F}.Release|x64.Build.0 = Release|x64
	EndGlobalSection
	GlobalSection(SolutionProperties) = preSolution
		HideSolutionNode = FALSE
	EndGlobalSection
	GlobalSection(ExtensibilityGlobals) = postSolution
		SolutionGuid = {C964649B-FD57-46C5-9604-9058E130B798}
	EndGlobalSection
EndGlobal
